// !$*UTF8*$!
{
	archiveVersion = 1;
	classes = {
	};
	objectVersion = 55;
	objects = {

/* Begin PBXBuildFile section */
		A999FBD94A2ECC6A9F6BA1CB /* Pods_Art_Gallery.framework in Frameworks */ = {isa = PBXBuildFile; fileRef = C525F6529B88CD34CB16051B /* Pods_Art_Gallery.framework */; };
		C53AB11027BC8D8A00F45F98 /* PhotosCollectionView.swift in Sources */ = {isa = PBXBuildFile; fileRef = C53AB10F27BC8D8A00F45F98 /* PhotosCollectionView.swift */; };
		C549BDB527BD576600FEDD90 /* MainTabBarController.swift in Sources */ = {isa = PBXBuildFile; fileRef = C549BDB427BD576600FEDD90 /* MainTabBarController.swift */; };
		C573F73F27BCABC700040B7F /* Keys.swift in Sources */ = {isa = PBXBuildFile; fileRef = C573F73E27BCABC700040B7F /* Keys.swift */; };
		C59AFBB127BC94B100B02563 /* NetworkServices.swift in Sources */ = {isa = PBXBuildFile; fileRef = C59AFBB027BC94B100B02563 /* NetworkServices.swift */; };
		C59AFBB327BC953E00B02563 /* NetworkDataFetch.swift in Sources */ = {isa = PBXBuildFile; fileRef = C59AFBB227BC953E00B02563 /* NetworkDataFetch.swift */; };
		C59AFBB727BC960800B02563 /* RequestResultModel.swift in Sources */ = {isa = PBXBuildFile; fileRef = C59AFBB627BC960800B02563 /* RequestResultModel.swift */; };
		C5CA9BCE27BC514000AA5E69 /* AppDelegate.swift in Sources */ = {isa = PBXBuildFile; fileRef = C5CA9BCD27BC514000AA5E69 /* AppDelegate.swift */; };
		C5CA9BD027BC514000AA5E69 /* SceneDelegate.swift in Sources */ = {isa = PBXBuildFile; fileRef = C5CA9BCF27BC514000AA5E69 /* SceneDelegate.swift */; };
		C5CA9BD527BC514000AA5E69 /* Main.storyboard in Resources */ = {isa = PBXBuildFile; fileRef = C5CA9BD327BC514000AA5E69 /* Main.storyboard */; };
		C5CA9BD727BC514100AA5E69 /* Assets.xcassets in Resources */ = {isa = PBXBuildFile; fileRef = C5CA9BD627BC514100AA5E69 /* Assets.xcassets */; };
		C5CA9BDA27BC514100AA5E69 /* LaunchScreen.storyboard in Resources */ = {isa = PBXBuildFile; fileRef = C5CA9BD827BC514100AA5E69 /* LaunchScreen.storyboard */; };
		C5E3D97227BD5C1700D90F61 /* PhotoCollectionCell.swift in Sources */ = {isa = PBXBuildFile; fileRef = C5E3D97127BD5C1700D90F61 /* PhotoCollectionCell.swift */; };
		C5E3D97627BD63F100D90F61 /* DetailViewController.swift in Sources */ = {isa = PBXBuildFile; fileRef = C5E3D97527BD63F100D90F61 /* DetailViewController.swift */; };
/* End PBXBuildFile section */

/* Begin PBXFileReference section */
		B9332275AD934463BC13C074 /* Pods-Art Gallery.debug.xcconfig */ = {isa = PBXFileReference; includeInIndex = 1; lastKnownFileType = text.xcconfig; name = "Pods-Art Gallery.debug.xcconfig"; path = "Target Support Files/Pods-Art Gallery/Pods-Art Gallery.debug.xcconfig"; sourceTree = "<group>"; };
		BF420DA42A42EF4FA4948FBC /* Pods-Art Gallery.release.xcconfig */ = {isa = PBXFileReference; includeInIndex = 1; lastKnownFileType = text.xcconfig; name = "Pods-Art Gallery.release.xcconfig"; path = "Target Support Files/Pods-Art Gallery/Pods-Art Gallery.release.xcconfig"; sourceTree = "<group>"; };
		C525F6529B88CD34CB16051B /* Pods_Art_Gallery.framework */ = {isa = PBXFileReference; explicitFileType = wrapper.framework; includeInIndex = 0; path = Pods_Art_Gallery.framework; sourceTree = BUILT_PRODUCTS_DIR; };
		C53AB10F27BC8D8A00F45F98 /* PhotosCollectionView.swift */ = {isa = PBXFileReference; lastKnownFileType = sourcecode.swift; path = PhotosCollectionView.swift; sourceTree = "<group>"; };
		C549BDB427BD576600FEDD90 /* MainTabBarController.swift */ = {isa = PBXFileReference; lastKnownFileType = sourcecode.swift; path = MainTabBarController.swift; sourceTree = "<group>"; };
		C573F73E27BCABC700040B7F /* Keys.swift */ = {isa = PBXFileReference; lastKnownFileType = sourcecode.swift; path = Keys.swift; sourceTree = "<group>"; };
		C59AFBB027BC94B100B02563 /* NetworkServices.swift */ = {isa = PBXFileReference; lastKnownFileType = sourcecode.swift; path = NetworkServices.swift; sourceTree = "<group>"; };
		C59AFBB227BC953E00B02563 /* NetworkDataFetch.swift */ = {isa = PBXFileReference; lastKnownFileType = sourcecode.swift; path = NetworkDataFetch.swift; sourceTree = "<group>"; };
		C59AFBB627BC960800B02563 /* RequestResultModel.swift */ = {isa = PBXFileReference; lastKnownFileType = sourcecode.swift; path = RequestResultModel.swift; sourceTree = "<group>"; };
		C5CA9BCA27BC514000AA5E69 /* Art Gallery.app */ = {isa = PBXFileReference; explicitFileType = wrapper.application; includeInIndex = 0; path = "Art Gallery.app"; sourceTree = BUILT_PRODUCTS_DIR; };
		C5CA9BCD27BC514000AA5E69 /* AppDelegate.swift */ = {isa = PBXFileReference; lastKnownFileType = sourcecode.swift; path = AppDelegate.swift; sourceTree = "<group>"; };
		C5CA9BCF27BC514000AA5E69 /* SceneDelegate.swift */ = {isa = PBXFileReference; lastKnownFileType = sourcecode.swift; path = SceneDelegate.swift; sourceTree = "<group>"; };
		C5CA9BD427BC514000AA5E69 /* Base */ = {isa = PBXFileReference; lastKnownFileType = file.storyboard; name = Base; path = Base.lproj/Main.storyboard; sourceTree = "<group>"; };
		C5CA9BD627BC514100AA5E69 /* Assets.xcassets */ = {isa = PBXFileReference; lastKnownFileType = folder.assetcatalog; path = Assets.xcassets; sourceTree = "<group>"; };
		C5CA9BD927BC514100AA5E69 /* Base */ = {isa = PBXFileReference; lastKnownFileType = file.storyboard; name = Base; path = Base.lproj/LaunchScreen.storyboard; sourceTree = "<group>"; };
		C5CA9BDB27BC514100AA5E69 /* Info.plist */ = {isa = PBXFileReference; lastKnownFileType = text.plist.xml; path = Info.plist; sourceTree = "<group>"; };
		C5E3D97127BD5C1700D90F61 /* PhotoCollectionCell.swift */ = {isa = PBXFileReference; lastKnownFileType = sourcecode.swift; path = PhotoCollectionCell.swift; sourceTree = "<group>"; };
		C5E3D97527BD63F100D90F61 /* DetailViewController.swift */ = {isa = PBXFileReference; lastKnownFileType = sourcecode.swift; path = DetailViewController.swift; sourceTree = "<group>"; };
/* End PBXFileReference section */

/* Begin PBXFrameworksBuildPhase section */
		C5CA9BC727BC514000AA5E69 /* Frameworks */ = {
			isa = PBXFrameworksBuildPhase;
			buildActionMask = 2147483647;
			files = (
				A999FBD94A2ECC6A9F6BA1CB /* Pods_Art_Gallery.framework in Frameworks */,
			);
			runOnlyForDeploymentPostprocessing = 0;
		};
/* End PBXFrameworksBuildPhase section */

/* Begin PBXGroup section */
		561F8062A785A891D58D9960 /* Frameworks */ = {
			isa = PBXGroup;
			children = (
				C525F6529B88CD34CB16051B /* Pods_Art_Gallery.framework */,
			);
			name = Frameworks;
			sourceTree = "<group>";
		};
		C5CA9BC127BC514000AA5E69 = {
			isa = PBXGroup;
			children = (
				C5CA9BCC27BC514000AA5E69 /* Art Gallery */,
				C5CA9BCB27BC514000AA5E69 /* Products */,
				CE2ACA99F0084CB11E00F3A9 /* Pods */,
				561F8062A785A891D58D9960 /* Frameworks */,
			);
			sourceTree = "<group>";
		};
		C5CA9BCB27BC514000AA5E69 /* Products */ = {
			isa = PBXGroup;
			children = (
				C5CA9BCA27BC514000AA5E69 /* Art Gallery.app */,
			);
			name = Products;
			sourceTree = "<group>";
		};
		C5CA9BCC27BC514000AA5E69 /* Art Gallery */ = {
			isa = PBXGroup;
			children = (
				C5CA9BE427BC57FF00AA5E69 /* Services */,
				C5CA9BE327BC57F600AA5E69 /* Controllers */,
				C5CA9BE227BC57DD00AA5E69 /* Views */,
				C5CA9BE127BC57D200AA5E69 /* Models */,
				C5CA9BCD27BC514000AA5E69 /* AppDelegate.swift */,
				C5CA9BCF27BC514000AA5E69 /* SceneDelegate.swift */,
				C5CA9BDB27BC514100AA5E69 /* Info.plist */,
			);
			path = "Art Gallery";
			sourceTree = "<group>";
		};
		C5CA9BE127BC57D200AA5E69 /* Models */ = {
			isa = PBXGroup;
			children = (
				C59AFBB627BC960800B02563 /* RequestResultModel.swift */,
				C573F73E27BCABC700040B7F /* Keys.swift */,
			);
			path = Models;
			sourceTree = "<group>";
		};
		C5CA9BE227BC57DD00AA5E69 /* Views */ = {
			isa = PBXGroup;
			children = (
				C5CA9BE527BC586F00AA5E69 /* Storyboards */,
				C5CA9BD627BC514100AA5E69 /* Assets.xcassets */,
			);
			path = Views;
			sourceTree = "<group>";
		};
		C5CA9BE327BC57F600AA5E69 /* Controllers */ = {
			isa = PBXGroup;
			children = (
				C5E3D97427BD63CB00D90F61 /* PhotosCollection */,
				C5E3D97727BD641F00D90F61 /* Favourites */,
				C549BDB427BD576600FEDD90 /* MainTabBarController.swift */,
				C5E3D97527BD63F100D90F61 /* DetailViewController.swift */,
			);
			path = Controllers;
			sourceTree = "<group>";
		};
		C5CA9BE427BC57FF00AA5E69 /* Services */ = {
			isa = PBXGroup;
			children = (
				C59AFBB027BC94B100B02563 /* NetworkServices.swift */,
				C59AFBB227BC953E00B02563 /* NetworkDataFetch.swift */,
			);
			path = Services;
			sourceTree = "<group>";
		};
		C5CA9BE527BC586F00AA5E69 /* Storyboards */ = {
			isa = PBXGroup;
			children = (
				C5CA9BD327BC514000AA5E69 /* Main.storyboard */,
				C5CA9BD827BC514100AA5E69 /* LaunchScreen.storyboard */,
			);
			path = Storyboards;
			sourceTree = "<group>";
		};
		C5E3D97427BD63CB00D90F61 /* PhotosCollection */ = {
			isa = PBXGroup;
			children = (
				C53AB10F27BC8D8A00F45F98 /* PhotosCollectionView.swift */,
				C5E3D97127BD5C1700D90F61 /* PhotoCollectionCell.swift */,
			);
			path = PhotosCollection;
			sourceTree = "<group>";
		};
		C5E3D97727BD641F00D90F61 /* Favourites */ = {
			isa = PBXGroup;
			children = (
			);
			path = Favourites;
			sourceTree = "<group>";
		};
		CE2ACA99F0084CB11E00F3A9 /* Pods */ = {
			isa = PBXGroup;
			children = (
				B9332275AD934463BC13C074 /* Pods-Art Gallery.debug.xcconfig */,
				BF420DA42A42EF4FA4948FBC /* Pods-Art Gallery.release.xcconfig */,
			);
			name = Pods;
			path = Pods;
			sourceTree = "<group>";
		};
/* End PBXGroup section */

/* Begin PBXNativeTarget section */
		C5CA9BC927BC514000AA5E69 /* Art Gallery */ = {
			isa = PBXNativeTarget;
			buildConfigurationList = C5CA9BDE27BC514100AA5E69 /* Build configuration list for PBXNativeTarget "Art Gallery" */;
			buildPhases = (
				A817F51BDDFFDE43C74B9213 /* [CP] Check Pods Manifest.lock */,
				C5CA9BC627BC514000AA5E69 /* Sources */,
				C5CA9BC727BC514000AA5E69 /* Frameworks */,
				C5CA9BC827BC514000AA5E69 /* Resources */,
				FB273B11BABB7D5D39E99CE2 /* [CP] Embed Pods Frameworks */,
			);
			buildRules = (
			);
			dependencies = (
			);
			name = "Art Gallery";
			productName = "Art Gallery";
			productReference = C5CA9BCA27BC514000AA5E69 /* Art Gallery.app */;
			productType = "com.apple.product-type.application";
		};
/* End PBXNativeTarget section */

/* Begin PBXProject section */
		C5CA9BC227BC514000AA5E69 /* Project object */ = {
			isa = PBXProject;
			attributes = {
				BuildIndependentTargetsInParallel = 1;
				LastSwiftUpdateCheck = 1310;
				LastUpgradeCheck = 1310;
				TargetAttributes = {
					C5CA9BC927BC514000AA5E69 = {
						CreatedOnToolsVersion = 13.1;
					};
				};
			};
			buildConfigurationList = C5CA9BC527BC514000AA5E69 /* Build configuration list for PBXProject "Art Gallery" */;
			compatibilityVersion = "Xcode 13.0";
			developmentRegion = en;
			hasScannedForEncodings = 0;
			knownRegions = (
				en,
				Base,
			);
			mainGroup = C5CA9BC127BC514000AA5E69;
			productRefGroup = C5CA9BCB27BC514000AA5E69 /* Products */;
			projectDirPath = "";
			projectRoot = "";
			targets = (
				C5CA9BC927BC514000AA5E69 /* Art Gallery */,
			);
		};
/* End PBXProject section */

/* Begin PBXResourcesBuildPhase section */
		C5CA9BC827BC514000AA5E69 /* Resources */ = {
			isa = PBXResourcesBuildPhase;
			buildActionMask = 2147483647;
			files = (
				C5CA9BDA27BC514100AA5E69 /* LaunchScreen.storyboard in Resources */,
				C5CA9BD727BC514100AA5E69 /* Assets.xcassets in Resources */,
				C5CA9BD527BC514000AA5E69 /* Main.storyboard in Resources */,
			);
			runOnlyForDeploymentPostprocessing = 0;
		};
/* End PBXResourcesBuildPhase section */

/* Begin PBXShellScriptBuildPhase section */
		A817F51BDDFFDE43C74B9213 /* [CP] Check Pods Manifest.lock */ = {
			isa = PBXShellScriptBuildPhase;
			buildActionMask = 2147483647;
			files = (
			);
			inputFileListPaths = (
			);
			inputPaths = (
				"${PODS_PODFILE_DIR_PATH}/Podfile.lock",
				"${PODS_ROOT}/Manifest.lock",
			);
			name = "[CP] Check Pods Manifest.lock";
			outputFileListPaths = (
			);
			outputPaths = (
				"$(DERIVED_FILE_DIR)/Pods-Art Gallery-checkManifestLockResult.txt",
			);
			runOnlyForDeploymentPostprocessing = 0;
			shellPath = /bin/sh;
			shellScript = "diff \"${PODS_PODFILE_DIR_PATH}/Podfile.lock\" \"${PODS_ROOT}/Manifest.lock\" > /dev/null\nif [ $? != 0 ] ; then\n    # print error to STDERR\n    echo \"error: The sandbox is not in sync with the Podfile.lock. Run 'pod install' or update your CocoaPods installation.\" >&2\n    exit 1\nfi\n# This output is used by Xcode 'outputs' to avoid re-running this script phase.\necho \"SUCCESS\" > \"${SCRIPT_OUTPUT_FILE_0}\"\n";
			showEnvVarsInLog = 0;
		};
		FB273B11BABB7D5D39E99CE2 /* [CP] Embed Pods Frameworks */ = {
			isa = PBXShellScriptBuildPhase;
			buildActionMask = 2147483647;
			files = (
			);
			inputFileListPaths = (
				"${PODS_ROOT}/Target Support Files/Pods-Art Gallery/Pods-Art Gallery-frameworks-${CONFIGURATION}-input-files.xcfilelist",
			);
			name = "[CP] Embed Pods Frameworks";
			outputFileListPaths = (
				"${PODS_ROOT}/Target Support Files/Pods-Art Gallery/Pods-Art Gallery-frameworks-${CONFIGURATION}-output-files.xcfilelist",
			);
			runOnlyForDeploymentPostprocessing = 0;
			shellPath = /bin/sh;
			shellScript = "\"${PODS_ROOT}/Target Support Files/Pods-Art Gallery/Pods-Art Gallery-frameworks.sh\"\n";
			showEnvVarsInLog = 0;
		};
/* End PBXShellScriptBuildPhase section */

/* Begin PBXSourcesBuildPhase section */
		C5CA9BC627BC514000AA5E69 /* Sources */ = {
			isa = PBXSourcesBuildPhase;
			buildActionMask = 2147483647;
			files = (
				C5E3D97627BD63F100D90F61 /* DetailViewController.swift in Sources */,
				C59AFBB127BC94B100B02563 /* NetworkServices.swift in Sources */,
				C549BDB527BD576600FEDD90 /* MainTabBarController.swift in Sources */,
				C59AFBB327BC953E00B02563 /* NetworkDataFetch.swift in Sources */,
				C5E3D97227BD5C1700D90F61 /* PhotoCollectionCell.swift in Sources */,
				C59AFBB727BC960800B02563 /* RequestResultModel.swift in Sources */,
				C53AB11027BC8D8A00F45F98 /* PhotosCollectionView.swift in Sources */,
				C5CA9BCE27BC514000AA5E69 /* AppDelegate.swift in Sources */,
				C573F73F27BCABC700040B7F /* Keys.swift in Sources */,
				C5CA9BD027BC514000AA5E69 /* SceneDelegate.swift in Sources */,
			);
			runOnlyForDeploymentPostprocessing = 0;
		};
/* End PBXSourcesBuildPhase section */

/* Begin PBXVariantGroup section */
		C5CA9BD327BC514000AA5E69 /* Main.storyboard */ = {
			isa = PBXVariantGroup;
			children = (
				C5CA9BD427BC514000AA5E69 /* Base */,
			);
			name = Main.storyboard;
			sourceTree = "<group>";
		};
		C5CA9BD827BC514100AA5E69 /* LaunchScreen.storyboard */ = {
			isa = PBXVariantGroup;
			children = (
				C5CA9BD927BC514100AA5E69 /* Base */,
			);
			name = LaunchScreen.storyboard;
			sourceTree = "<group>";
		};
/* End PBXVariantGroup section */

/* Begin XCBuildConfiguration section */
		C5CA9BDC27BC514100AA5E69 /* Debug */ = {
			isa = XCBuildConfiguration;
			buildSettings = {
				ALWAYS_SEARCH_USER_PATHS = NO;
				CLANG_ANALYZER_NONNULL = YES;
				CLANG_ANALYZER_NUMBER_OBJECT_CONVERSION = YES_AGGRESSIVE;
				CLANG_CXX_LANGUAGE_STANDARD = "gnu++17";
				CLANG_CXX_LIBRARY = "libc++";
				CLANG_ENABLE_MODULES = YES;
				CLANG_ENABLE_OBJC_ARC = YES;
				CLANG_ENABLE_OBJC_WEAK = YES;
				CLANG_WARN_BLOCK_CAPTURE_AUTORELEASING = YES;
				CLANG_WARN_BOOL_CONVERSION = YES;
				CLANG_WARN_COMMA = YES;
				CLANG_WARN_CONSTANT_CONVERSION = YES;
				CLANG_WARN_DEPRECATED_OBJC_IMPLEMENTATIONS = YES;
				CLANG_WARN_DIRECT_OBJC_ISA_USAGE = YES_ERROR;
				CLANG_WARN_DOCUMENTATION_COMMENTS = YES;
				CLANG_WARN_EMPTY_BODY = YES;
				CLANG_WARN_ENUM_CONVERSION = YES;
				CLANG_WARN_INFINITE_RECURSION = YES;
				CLANG_WARN_INT_CONVERSION = YES;
				CLANG_WARN_NON_LITERAL_NULL_CONVERSION = YES;
				CLANG_WARN_OBJC_IMPLICIT_RETAIN_SELF = YES;
				CLANG_WARN_OBJC_LITERAL_CONVERSION = YES;
				CLANG_WARN_OBJC_ROOT_CLASS = YES_ERROR;
				CLANG_WARN_QUOTED_INCLUDE_IN_FRAMEWORK_HEADER = YES;
				CLANG_WARN_RANGE_LOOP_ANALYSIS = YES;
				CLANG_WARN_STRICT_PROTOTYPES = YES;
				CLANG_WARN_SUSPICIOUS_MOVE = YES;
				CLANG_WARN_UNGUARDED_AVAILABILITY = YES_AGGRESSIVE;
				CLANG_WARN_UNREACHABLE_CODE = YES;
				CLANG_WARN__DUPLICATE_METHOD_MATCH = YES;
				COPY_PHASE_STRIP = NO;
				DEBUG_INFORMATION_FORMAT = dwarf;
				ENABLE_STRICT_OBJC_MSGSEND = YES;
				ENABLE_TESTABILITY = YES;
				GCC_C_LANGUAGE_STANDARD = gnu11;
				GCC_DYNAMIC_NO_PIC = NO;
				GCC_NO_COMMON_BLOCKS = YES;
				GCC_OPTIMIZATION_LEVEL = 0;
				GCC_PREPROCESSOR_DEFINITIONS = (
					"DEBUG=1",
					"$(inherited)",
				);
				GCC_WARN_64_TO_32_BIT_CONVERSION = YES;
				GCC_WARN_ABOUT_RETURN_TYPE = YES_ERROR;
				GCC_WARN_UNDECLARED_SELECTOR = YES;
				GCC_WARN_UNINITIALIZED_AUTOS = YES_AGGRESSIVE;
				GCC_WARN_UNUSED_FUNCTION = YES;
				GCC_WARN_UNUSED_VARIABLE = YES;
				IPHONEOS_DEPLOYMENT_TARGET = 15.0;
				MTL_ENABLE_DEBUG_INFO = INCLUDE_SOURCE;
				MTL_FAST_MATH = YES;
				ONLY_ACTIVE_ARCH = YES;
				SDKROOT = iphoneos;
				SWIFT_ACTIVE_COMPILATION_CONDITIONS = DEBUG;
				SWIFT_OPTIMIZATION_LEVEL = "-Onone";
			};
			name = Debug;
		};
		C5CA9BDD27BC514100AA5E69 /* Release */ = {
			isa = XCBuildConfiguration;
			buildSettings = {
				ALWAYS_SEARCH_USER_PATHS = NO;
				CLANG_ANALYZER_NONNULL = YES;
				CLANG_ANALYZER_NUMBER_OBJECT_CONVERSION = YES_AGGRESSIVE;
				CLANG_CXX_LANGUAGE_STANDARD = "gnu++17";
				CLANG_CXX_LIBRARY = "libc++";
				CLANG_ENABLE_MODULES = YES;
				CLANG_ENABLE_OBJC_ARC = YES;
				CLANG_ENABLE_OBJC_WEAK = YES;
				CLANG_WARN_BLOCK_CAPTURE_AUTORELEASING = YES;
				CLANG_WARN_BOOL_CONVERSION = YES;
				CLANG_WARN_COMMA = YES;
				CLANG_WARN_CONSTANT_CONVERSION = YES;
				CLANG_WARN_DEPRECATED_OBJC_IMPLEMENTATIONS = YES;
				CLANG_WARN_DIRECT_OBJC_ISA_USAGE = YES_ERROR;
				CLANG_WARN_DOCUMENTATION_COMMENTS = YES;
				CLANG_WARN_EMPTY_BODY = YES;
				CLANG_WARN_ENUM_CONVERSION = YES;
				CLANG_WARN_INFINITE_RECURSION = YES;
				CLANG_WARN_INT_CONVERSION = YES;
				CLANG_WARN_NON_LITERAL_NULL_CONVERSION = YES;
				CLANG_WARN_OBJC_IMPLICIT_RETAIN_SELF = YES;
				CLANG_WARN_OBJC_LITERAL_CONVERSION = YES;
				CLANG_WARN_OBJC_ROOT_CLASS = YES_ERROR;
				CLANG_WARN_QUOTED_INCLUDE_IN_FRAMEWORK_HEADER = YES;
				CLANG_WARN_RANGE_LOOP_ANALYSIS = YES;
				CLANG_WARN_STRICT_PROTOTYPES = YES;
				CLANG_WARN_SUSPICIOUS_MOVE = YES;
				CLANG_WARN_UNGUARDED_AVAILABILITY = YES_AGGRESSIVE;
				CLANG_WARN_UNREACHABLE_CODE = YES;
				CLANG_WARN__DUPLICATE_METHOD_MATCH = YES;
				COPY_PHASE_STRIP = NO;
				DEBUG_INFORMATION_FORMAT = "dwarf-with-dsym";
				ENABLE_NS_ASSERTIONS = NO;
				ENABLE_STRICT_OBJC_MSGSEND = YES;
				GCC_C_LANGUAGE_STANDARD = gnu11;
				GCC_NO_COMMON_BLOCKS = YES;
				GCC_WARN_64_TO_32_BIT_CONVERSION = YES;
				GCC_WARN_ABOUT_RETURN_TYPE = YES_ERROR;
				GCC_WARN_UNDECLARED_SELECTOR = YES;
				GCC_WARN_UNINITIALIZED_AUTOS = YES_AGGRESSIVE;
				GCC_WARN_UNUSED_FUNCTION = YES;
				GCC_WARN_UNUSED_VARIABLE = YES;
				IPHONEOS_DEPLOYMENT_TARGET = 15.0;
				MTL_ENABLE_DEBUG_INFO = NO;
				MTL_FAST_MATH = YES;
				SDKROOT = iphoneos;
				SWIFT_COMPILATION_MODE = wholemodule;
				SWIFT_OPTIMIZATION_LEVEL = "-O";
				VALIDATE_PRODUCT = YES;
			};
			name = Release;
		};
		C5CA9BDF27BC514100AA5E69 /* Debug */ = {
			isa = XCBuildConfiguration;
			baseConfigurationReference = B9332275AD934463BC13C074 /* Pods-Art Gallery.debug.xcconfig */;
			buildSettings = {
				ASSETCATALOG_COMPILER_APPICON_NAME = AppIcon;
				ASSETCATALOG_COMPILER_GLOBAL_ACCENT_COLOR_NAME = AccentColor;
				CODE_SIGN_STYLE = Automatic;
				CURRENT_PROJECT_VERSION = 1;
				DEVELOPMENT_TEAM = CW9ZZNL977;
				GENERATE_INFOPLIST_FILE = YES;
				INFOPLIST_FILE = "Art Gallery/Info.plist";
				INFOPLIST_KEY_UIApplicationSupportsIndirectInputEvents = YES;
				INFOPLIST_KEY_UILaunchStoryboardName = LaunchScreen;
				INFOPLIST_KEY_UIMainStoryboardFile = Main;
				INFOPLIST_KEY_UISupportedInterfaceOrientations = UIInterfaceOrientationPortrait;
				INFOPLIST_KEY_UISupportedInterfaceOrientations_iPad = "UIInterfaceOrientationPortrait UIInterfaceOrientationPortraitUpsideDown UIInterfaceOrientationLandscapeLeft UIInterfaceOrientationLandscapeRight";
				INFOPLIST_KEY_UISupportedInterfaceOrientations_iPhone = "UIInterfaceOrientationPortrait UIInterfaceOrientationLandscapeLeft UIInterfaceOrientationLandscapeRight";
				LD_RUNPATH_SEARCH_PATHS = (
					"$(inherited)",
					"@executable_path/Frameworks",
				);
				MARKETING_VERSION = 1.0;
				PRODUCT_BUNDLE_IDENTIFIER = "com.Art-Gallery";
				PRODUCT_NAME = "$(TARGET_NAME)";
				SWIFT_EMIT_LOC_STRINGS = YES;
				SWIFT_VERSION = 5.0;
				TARGETED_DEVICE_FAMILY = 1;
			};
			name = Debug;
		};
		C5CA9BE027BC514100AA5E69 /* Release */ = {
			isa = XCBuildConfiguration;
			baseConfigurationReference = BF420DA42A42EF4FA4948FBC /* Pods-Art Gallery.release.xcconfig */;
			buildSettings = {
				ASSETCATALOG_COMPILER_APPICON_NAME = AppIcon;
				ASSETCATALOG_COMPILER_GLOBAL_ACCENT_COLOR_NAME = AccentColor;
				CODE_SIGN_STYLE = Automatic;
				CURRENT_PROJECT_VERSION = 1;
				DEVELOPMENT_TEAM = CW9ZZNL977;
				GENERATE_INFOPLIST_FILE = YES;
				INFOPLIST_FILE = "Art Gallery/Info.plist";
				INFOPLIST_KEY_UIApplicationSupportsIndirectInputEvents = YES;
				INFOPLIST_KEY_UILaunchStoryboardName = LaunchScreen;
				INFOPLIST_KEY_UIMainStoryboardFile = Main;
				INFOPLIST_KEY_UISupportedInterfaceOrientations = UIInterfaceOrientationPortrait;
				INFOPLIST_KEY_UISupportedInterfaceOrientations_iPad = "UIInterfaceOrientationPortrait UIInterfaceOrientationPortraitUpsideDown UIInterfaceOrientationLandscapeLeft UIInterfaceOrientationLandscapeRight";
				INFOPLIST_KEY_UISupportedInterfaceOrientations_iPhone = "UIInterfaceOrientationPortrait UIInterfaceOrientationLandscapeLeft UIInterfaceOrientationLandscapeRight";
				LD_RUNPATH_SEARCH_PATHS = (
					"$(inherited)",
					"@executable_path/Frameworks",
				);
				MARKETING_VERSION = 1.0;
				PRODUCT_BUNDLE_IDENTIFIER = "com.Art-Gallery";
				PRODUCT_NAME = "$(TARGET_NAME)";
				SWIFT_EMIT_LOC_STRINGS = YES;
				SWIFT_VERSION = 5.0;
				TARGETED_DEVICE_FAMILY = 1;
			};
			name = Release;
		};
/* End XCBuildConfiguration section */

/* Begin XCConfigurationList section */
		C5CA9BC527BC514000AA5E69 /* Build configuration list for PBXProject "Art Gallery" */ = {
			isa = XCConfigurationList;
			buildConfigurations = (
				C5CA9BDC27BC514100AA5E69 /* Debug */,
				C5CA9BDD27BC514100AA5E69 /* Release */,
			);
			defaultConfigurationIsVisible = 0;
			defaultConfigurationName = Release;
		};
		C5CA9BDE27BC514100AA5E69 /* Build configuration list for PBXNativeTarget "Art Gallery" */ = {
			isa = XCConfigurationList;
			buildConfigurations = (
				C5CA9BDF27BC514100AA5E69 /* Debug */,
				C5CA9BE027BC514100AA5E69 /* Release */,
			);
			defaultConfigurationIsVisible = 0;
			defaultConfigurationName = Release;
		};
/* End XCConfigurationList section */
	};
	rootObject = C5CA9BC227BC514000AA5E69 /* Project object */;
}
